
Microsoft Visual Studio Solution File, Format Version 12.00
# Visual Studio Version 17
VisualStudioVersion = 17.6.33829.357
MinimumVisualStudioVersion = 10.0.40219.1
Project("{9A19103F-16F7-4668-BE54-9A1E7A4F7556}") = "GithubNetCore", "GithubNetCore\GithubNetCore.csproj", "{746E2092-C8F1-4DB6-A049-456CC3AC3A69}"
EndProject
Project("{9A19103F-16F7-4668-BE54-9A1E7A4F7556}") = "GithubNetCore.Models", "GithubNetCore.Models\GithubNetCore.Models.csproj", "{5D54549B-79F6-42D8-9F4F-70F842ED410A}"
EndProject
Global
	GlobalSection(SolutionConfigurationPlatforms) = preSolution
		Debug|Any CPU = Debug|Any CPU
		Release|Any CPU = Release|Any CPU
	EndGlobalSection
	GlobalSection(ProjectConfigurationPlatforms) = postSolution
		{746E2092-C8F1-4DB6-A049-456CC3AC3A69}.Debug|Any CPU.ActiveCfg = Debug|Any CPU
		{746E2092-C8F1-4DB6-A049-456CC3AC3A69}.Debug|Any CPU.Build.0 = Debug|Any CPU
		{746E2092-C8F1-4DB6-A049-456CC3AC3A69}.Release|Any CPU.ActiveCfg = Release|Any CPU
		{746E2092-C8F1-4DB6-A049-456CC3AC3A69}.Release|Any CPU.Build.0 = Release|Any CPU
		{5D54549B-79F6-42D8-9F4F-70F842ED410A}.Debug|Any CPU.ActiveCfg = Debug|Any CPU
		{5D54549B-79F6-42D8-9F4F-70F842ED410A}.Debug|Any CPU.Build.0 = Debug|Any CPU
		{5D54549B-79F6-42D8-9F4F-70F842ED410A}.Release|Any CPU.ActiveCfg = Release|Any CPU
		{5D54549B-79F6-42D8-9F4F-70F842ED410A}.Release|Any CPU.Build.0 = Release|Any CPU
	EndGlobalSection
	GlobalSection(SolutionProperties) = preSolution
		HideSolutionNode = FALSE
	EndGlobalSection
	GlobalSection(ExtensibilityGlobals) = postSolution
		SolutionGuid = {7CF59F2C-6683-4321-B7DE-D20F021E09D0}
	EndGlobalSection
EndGlobal
