
Microsoft Visual Studio Solution File, Format Version 12.00
# Visual Studio Version 17
VisualStudioVersion = 17.6.33829.357
MinimumVisualStudioVersion = 10.0.40219.1
Project("{FAE04EC0-301F-11D3-BF4B-00C04F79EFBC}") = "GithubNetCore", "GithubNetCore\GithubNetCore.csproj", "{746E2092-C8F1-4DB6-A049-456CC3AC3A69}"
EndProject
Global
	GlobalSection(SolutionConfigurationPlatforms) = preSolution
		Debug|Any CPU = Debug|Any CPU
		Release|Any CPU = Release|Any CPU
	EndGlobalSection
	GlobalSection(ProjectConfigurationPlatforms) = postSolution
		{746E2092-C8F1-4DB6-A049-456CC3AC3A69}.Debug|Any CPU.ActiveCfg = Debug|Any CPU
		{746E2092-C8F1-4DB6-A049-456CC3AC3A69}.Debug|Any CPU.Build.0 = Debug|Any CPU
		{746E2092-C8F1-4DB6-A049-456CC3AC3A69}.Release|Any CPU.ActiveCfg = Release|Any CPU
		{746E2092-C8F1-4DB6-A049-456CC3AC3A69}.Release|Any CPU.Build.0 = Release|Any CPU
	EndGlobalSection
	GlobalSection(SolutionProperties) = preSolution
		HideSolutionNode = FALSE
	EndGlobalSection
	GlobalSection(ExtensibilityGlobals) = postSolution
		SolutionGuid = {7CF59F2C-6683-4321-B7DE-D20F021E09D0}
	EndGlobalSection
EndGlobal
